
Microsoft Visual Studio Solution File, Format Version 12.00
Project("{FAE04EC0-301F-11D3-BF4B-00C04F79EFBC}") = "WebApi", "WebApi\WebApi.csproj", "{60F652FE-B67C-4C5B-B21F-6C9CFC6D18BF}"
EndProject
Project("{FAE04EC0-301F-11D3-BF4B-00C04F79EFBC}") = "Application", "Application\Application.csproj", "{0B6F61E7-DFCD-4305-B9D8-D03099A74F06}"
EndProject
Project("{FAE04EC0-301F-11D3-BF4B-00C04F79EFBC}") = "Domain", "Domain\Domain.csproj", "{18DE234E-EBA5-4C86-AF13-E4FB57D39215}"
EndProject
Project("{FAE04EC0-301F-11D3-BF4B-00C04F79EFBC}") = "Infrastructure", "Infrastructure\Infrastructure.csproj", "{C539BE4E-368E-4940-85DD-4FBCF98F8EC1}"
EndProject
Project("{FAE04EC0-301F-11D3-BF4B-00C04F79EFBC}") = "Application.UnitTests", "Application.UnitTests\Application.UnitTests.csproj", "{FAA22D3A-3CE0-4DB0-A388-A6C56637E7EE}"
EndProject
Global
	GlobalSection(SolutionConfigurationPlatforms) = preSolution
		Debug|Any CPU = Debug|Any CPU
		Release|Any CPU = Release|Any CPU
	EndGlobalSection
	GlobalSection(ProjectConfigurationPlatforms) = postSolution
		{60F652FE-B67C-4C5B-B21F-6C9CFC6D18BF}.Debug|Any CPU.ActiveCfg = Debug|Any CPU
		{60F652FE-B67C-4C5B-B21F-6C9CFC6D18BF}.Debug|Any CPU.Build.0 = Debug|Any CPU
		{60F652FE-B67C-4C5B-B21F-6C9CFC6D18BF}.Release|Any CPU.ActiveCfg = Release|Any CPU
		{60F652FE-B67C-4C5B-B21F-6C9CFC6D18BF}.Release|Any CPU.Build.0 = Release|Any CPU
		{0B6F61E7-DFCD-4305-B9D8-D03099A74F06}.Debug|Any CPU.ActiveCfg = Debug|Any CPU
		{0B6F61E7-DFCD-4305-B9D8-D03099A74F06}.Debug|Any CPU.Build.0 = Debug|Any CPU
		{0B6F61E7-DFCD-4305-B9D8-D03099A74F06}.Release|Any CPU.ActiveCfg = Release|Any CPU
		{0B6F61E7-DFCD-4305-B9D8-D03099A74F06}.Release|Any CPU.Build.0 = Release|Any CPU
		{18DE234E-EBA5-4C86-AF13-E4FB57D39215}.Debug|Any CPU.ActiveCfg = Debug|Any CPU
		{18DE234E-EBA5-4C86-AF13-E4FB57D39215}.Debug|Any CPU.Build.0 = Debug|Any CPU
		{18DE234E-EBA5-4C86-AF13-E4FB57D39215}.Release|Any CPU.ActiveCfg = Release|Any CPU
		{18DE234E-EBA5-4C86-AF13-E4FB57D39215}.Release|Any CPU.Build.0 = Release|Any CPU
		{C539BE4E-368E-4940-85DD-4FBCF98F8EC1}.Debug|Any CPU.ActiveCfg = Debug|Any CPU
		{C539BE4E-368E-4940-85DD-4FBCF98F8EC1}.Debug|Any CPU.Build.0 = Debug|Any CPU
		{C539BE4E-368E-4940-85DD-4FBCF98F8EC1}.Release|Any CPU.ActiveCfg = Release|Any CPU
		{C539BE4E-368E-4940-85DD-4FBCF98F8EC1}.Release|Any CPU.Build.0 = Release|Any CPU
		{FAA22D3A-3CE0-4DB0-A388-A6C56637E7EE}.Debug|Any CPU.ActiveCfg = Debug|Any CPU
		{FAA22D3A-3CE0-4DB0-A388-A6C56637E7EE}.Debug|Any CPU.Build.0 = Debug|Any CPU
		{FAA22D3A-3CE0-4DB0-A388-A6C56637E7EE}.Release|Any CPU.ActiveCfg = Release|Any CPU
		{FAA22D3A-3CE0-4DB0-A388-A6C56637E7EE}.Release|Any CPU.Build.0 = Release|Any CPU
	EndGlobalSection
EndGlobal
